{
  "name": "skeleton",
  "version": "0.1.0",
  "lockfileVersion": 1,
  "requires": true,
  "dependencies": {
    "compute-array-constructors": {
      "version": "1.0.1",
      "resolved": "https://registry.npmjs.org/compute-array-constructors/-/compute-array-constructors-1.0.1.tgz",
      "integrity": "sha1-h+16ZZZo8yv0cM4hybsiSWSJJmU="
    },
    "compute-array-dtype": {
      "version": "1.0.1",
      "resolved": "https://registry.npmjs.org/compute-array-dtype/-/compute-array-dtype-1.0.1.tgz",
      "integrity": "sha1-0EkmtoSQIkWQU5pK6BLxikmY2/M="
    },
    "compute-dtype": {
      "version": "1.0.0",
      "resolved": "https://registry.npmjs.org/compute-dtype/-/compute-dtype-1.0.0.tgz",
      "integrity": "sha1-90ZfwmgWbitaK4pktXzsaRGNNXQ=",
      "requires": {
        "compute-array-dtype": "1.0.1",
        "type-name": "1.1.0"
      }
    },
    "compute-indexspace": {
      "version": "1.0.1",
      "resolved": "https://registry.npmjs.org/compute-indexspace/-/compute-indexspace-1.0.1.tgz",
      "integrity": "sha1-2B0KWCFFyW5Ls5k2rr2ubMV+hX8=",
      "requires": {
        "validate.io-nonnegative-integer": "1.0.0",
        "validate.io-string-primitive": "1.0.1"
      }
    },
    "compute-stdev": {
      "version": "1.0.0",
      "resolved": "https://registry.npmjs.org/compute-stdev/-/compute-stdev-1.0.0.tgz",
      "integrity": "sha1-1INhCDdSsiVKXvZBZ3yrtGOh0lM="
    },
    "const-max-uint32": {
      "version": "1.0.2",
      "resolved": "https://registry.npmjs.org/const-max-uint32/-/const-max-uint32-1.0.2.tgz",
      "integrity": "sha1-8Am7YjDmeO2HTdLWqc2ePL+rtnY="
    },
    "const-pinf-float64": {
      "version": "1.0.0",
      "resolved": "https://registry.npmjs.org/const-pinf-float64/-/const-pinf-float64-1.0.0.tgz",
      "integrity": "sha1-9u+w15+cCYbT558pI6v5twtj1yY="
    },
    "distributions-normal-pdf": {
      "version": "0.0.2",
      "resolved": "https://registry.npmjs.org/distributions-normal-pdf/-/distributions-normal-pdf-0.0.2.tgz",
      "integrity": "sha1-A65Xb8eN658NFnUxtL71we/CrFs=",
      "requires": {
        "compute-array-constructors": "1.0.1",
        "dstructs-matrix": "2.1.2",
        "utils-deep-get": "1.0.0",
        "utils-deep-set": "1.0.1",
        "validate.io-array-like": "1.0.2",
        "validate.io-boolean-primitive": "1.0.0",
        "validate.io-function": "1.0.2",
        "validate.io-matrix-like": "1.0.2",
        "validate.io-nan": "1.0.3",
        "validate.io-nonnegative": "1.0.0",
        "validate.io-nonnegative-integer": "1.0.0",
        "validate.io-number-primitive": "1.0.0",
        "validate.io-object": "1.0.4",
        "validate.io-positive-primitive": "1.0.0",
        "validate.io-string-primitive": "1.0.1",
        "validate.io-typed-array-like": "1.0.1"
      }
    },
    "dstructs-array-constructors": {
      "version": "1.0.2",
      "resolved": "https://registry.npmjs.org/dstructs-array-constructors/-/dstructs-array-constructors-1.0.2.tgz",
      "integrity": "sha1-DwaK1bN9AUpEAhpPnJ3Q2JpSZFo="
    },
    "dstructs-array-dtype": {
      "version": "1.0.2",
      "resolved": "https://registry.npmjs.org/dstructs-array-dtype/-/dstructs-array-dtype-1.0.2.tgz",
      "integrity": "sha1-w2j7bkYinfokCfcAzEOiCbSA524="
    },
    "dstructs-cast-arrays": {
      "version": "1.0.3",
      "resolved": "https://registry.npmjs.org/dstructs-cast-arrays/-/dstructs-cast-arrays-1.0.3.tgz",
      "integrity": "sha1-8sugaep0MdrV13lgGlHVmXbCvCU=",
      "requires": {
        "dstructs-array-constructors": "1.0.2",
        "dstructs-array-dtype": "1.0.2",
        "type-name": "1.1.0",
        "validate.io-array-like": "1.0.2"
      }
    },
    "dstructs-matrix": {
      "version": "2.1.2",
      "resolved": "https://registry.npmjs.org/dstructs-matrix/-/dstructs-matrix-2.1.2.tgz",
      "integrity": "sha1-tJYlYAogtCHGCdGRG7HYOCkHR9o=",
      "requires": {
        "compute-dtype": "1.0.0",
        "compute-indexspace": "1.0.1",
        "dstructs-cast-arrays": "1.0.3",
        "utils-copy": "1.1.1",
        "validate.io-array": "1.0.6",
        "validate.io-contains": "1.0.0",
        "validate.io-function": "1.0.2",
        "validate.io-integer-primitive": "1.0.0",
        "validate.io-nan": "1.0.3",
        "validate.io-nonnegative-integer": "1.0.0",
        "validate.io-nonnegative-integer-array": "1.0.1",
        "validate.io-number-primitive": "1.0.0",
        "validate.io-string-primitive": "1.0.1"
      }
    },
    "euclidean-distance": {
      "version": "0.1.1",
      "resolved": "https://registry.npmjs.org/euclidean-distance/-/euclidean-distance-0.1.1.tgz",
      "integrity": "sha1-YlvndbA/Az7LjqxJaM7dYmQbHas="
    },
    "kernel-smooth": {
      "version": "0.2.3",
      "resolved": "https://registry.npmjs.org/kernel-smooth/-/kernel-smooth-0.2.3.tgz",
      "integrity": "sha1-iibaoPenGfImBuc916egMWqC8ss=",
      "requires": {
        "compute-stdev": "1.0.0",
        "distributions-normal-pdf": "0.0.2",
        "euclidean-distance": "0.1.1",
        "validate.io-array": "1.0.6",
        "validate.io-function": "1.0.2"
      }
    },
    "object-keys": {
      "version": "1.0.11",
      "resolved": "https://registry.npmjs.org/object-keys/-/object-keys-1.0.11.tgz",
      "integrity": "sha1-xUYBd4rVYPEULODgG8yotW0TQm0="
    },
    "regex-regex": {
      "version": "1.0.0",
      "resolved": "https://registry.npmjs.org/regex-regex/-/regex-regex-1.0.0.tgz",
      "integrity": "sha1-kEih6uuHD01IDavHb8Qs3MC8OnI="
    },
    "type-name": {
      "version": "1.1.0",
      "resolved": "https://registry.npmjs.org/type-name/-/type-name-1.1.0.tgz",
      "integrity": "sha1-rZw/fDMPWy8I3n159W0rlFHkKw4="
    },
    "utils-copy": {
      "version": "1.1.1",
      "resolved": "https://registry.npmjs.org/utils-copy/-/utils-copy-1.1.1.tgz",
      "integrity": "sha1-biuXmCqozXPhGCo+b4vsPA9AWKc=",
      "requires": {
        "const-pinf-float64": "1.0.0",
        "object-keys": "1.0.11",
        "type-name": "2.0.2",
        "utils-copy-error": "1.0.1",
        "utils-indexof": "1.0.0",
        "utils-regex-from-string": "1.0.0",
        "validate.io-array": "1.0.6",
        "validate.io-buffer": "1.0.2",
        "validate.io-nonnegative-integer": "1.0.0"
      },
      "dependencies": {
        "type-name": {
          "version": "2.0.2",
          "resolved": "https://registry.npmjs.org/type-name/-/type-name-2.0.2.tgz",
          "integrity": "sha1-7+fUEj2KxSr/9/QMfk3sUmYAj7Q="
        }
      }
    },
    "utils-copy-error": {
      "version": "1.0.1",
      "resolved": "https://registry.npmjs.org/utils-copy-error/-/utils-copy-error-1.0.1.tgz",
      "integrity": "sha1-eR3jk8DwmJCv1Z88vqY18HmpT6U=",
      "requires": {
        "object-keys": "1.0.11",
        "utils-copy": "1.1.1"
      }
    },
    "utils-deep-get": {
      "version": "1.0.0",
      "resolved": "https://registry.npmjs.org/utils-deep-get/-/utils-deep-get-1.0.0.tgz",
      "integrity": "sha1-SEBKd/om+E5pbkhaY4nCvs3woMk=",
      "requires": {
        "validate.io-array": "1.0.6",
        "validate.io-object": "1.0.4",
        "validate.io-string-primitive": "1.0.1"
      }
    },
    "utils-deep-set": {
      "version": "1.0.1",
      "resolved": "https://registry.npmjs.org/utils-deep-set/-/utils-deep-set-1.0.1.tgz",
      "integrity": "sha1-Zmr5PM0dIhw/yv3yFRoi7gvLBv4=",
      "requires": {
        "validate.io-array": "1.0.6",
        "validate.io-boolean-primitive": "1.0.0",
        "validate.io-object": "1.0.4",
        "validate.io-string-primitive": "1.0.1"
      }
    },
    "utils-indexof": {
      "version": "1.0.0",
      "resolved": "https://registry.npmjs.org/utils-indexof/-/utils-indexof-1.0.0.tgz",
      "integrity": "sha1-IP6r8J7xAYtSNkPoOA57yD7GG1w=",
      "requires": {
        "validate.io-array-like": "1.0.2",
        "validate.io-integer-primitive": "1.0.0"
      }
    },
    "utils-regex-from-string": {
      "version": "1.0.0",
      "resolved": "https://registry.npmjs.org/utils-regex-from-string/-/utils-regex-from-string-1.0.0.tgz",
      "integrity": "sha1-/hopCfjeD/DVGCyA+8ZU1qaH0Yk=",
      "requires": {
        "regex-regex": "1.0.0",
        "validate.io-string-primitive": "1.0.1"
      }
    },
    "validate.io-array": {
      "version": "1.0.6",
      "resolved": "https://registry.npmjs.org/validate.io-array/-/validate.io-array-1.0.6.tgz",
      "integrity": "sha1-W1osr9j4uFq7L4hroVPy2Tond00="
    },
    "validate.io-array-like": {
      "version": "1.0.2",
      "resolved": "https://registry.npmjs.org/validate.io-array-like/-/validate.io-array-like-1.0.2.tgz",
      "integrity": "sha1-evn363tRcVvrIhVmjsXM5U+t21o=",
      "requires": {
        "const-max-uint32": "1.0.2",
        "validate.io-integer-primitive": "1.0.0"
      }
    },
    "validate.io-boolean-primitive": {
      "version": "1.0.0",
      "resolved": "https://registry.npmjs.org/validate.io-boolean-primitive/-/validate.io-boolean-primitive-1.0.0.tgz",
      "integrity": "sha1-uxTJy4aDw8nz0TKalad2jj7inrU="
    },
    "validate.io-buffer": {
      "version": "1.0.2",
      "resolved": "https://registry.npmjs.org/validate.io-buffer/-/validate.io-buffer-1.0.2.tgz",
      "integrity": "sha1-hS1nNAIZFNXROvwyUxdh43IO1E4="
    },
    "validate.io-contains": {
      "version": "1.0.0",
      "resolved": "https://registry.npmjs.org/validate.io-contains/-/validate.io-contains-1.0.0.tgz",
      "integrity": "sha1-vwm6TyfGQlB7CQXbs6dKUncInP4=",
      "requires": {
        "validate.io-array": "1.0.6",
        "validate.io-nan-primitive": "1.0.0"
      }
    },
    "validate.io-function": {
      "version": "1.0.2",
      "resolved": "https://registry.npmjs.org/validate.io-function/-/validate.io-function-1.0.2.tgz",
      "integrity": "sha1-NDoZgC7TsZaCaceA5VjpNBHAutc="
    },
    "validate.io-integer": {
      "version": "1.0.5",
      "resolved": "https://registry.npmjs.org/validate.io-integer/-/validate.io-integer-1.0.5.tgz",
      "integrity": "sha1-FoSWSAuVviJH7EQ/IjPeT4mHgGg=",
      "requires": {
        "validate.io-number": "1.0.3"
      }
    },
    "validate.io-integer-primitive": {
      "version": "1.0.0",
      "resolved": "https://registry.npmjs.org/validate.io-integer-primitive/-/validate.io-integer-primitive-1.0.0.tgz",
      "integrity": "sha1-qaoBA1X+hoHA/qbBp0rSQZyt3cY=",
      "requires": {
        "validate.io-number-primitive": "1.0.0"
      }
    },
    "validate.io-matrix-like": {
      "version": "1.0.2",
      "resolved": "https://registry.npmjs.org/validate.io-matrix-like/-/validate.io-matrix-like-1.0.2.tgz",
      "integrity": "sha1-XsMqddCInaxzbepovdYUWxVe38M="
    },
    "validate.io-nan": {
      "version": "1.0.3",
      "resolved": "https://registry.npmjs.org/validate.io-nan/-/validate.io-nan-1.0.3.tgz",
      "integrity": "sha1-1DjhOGjJy9N/26EllN5Nj+FEMKQ="
    },
    "validate.io-nan-primitive": {
      "version": "1.0.0",
      "resolved": "https://registry.npmjs.org/validate.io-nan-primitive/-/validate.io-nan-primitive-1.0.0.tgz",
      "integrity": "sha1-R1zC0DXQuvLQCRItg+opGjLX+ww="
    },
    "validate.io-nonnegative": {
      "version": "1.0.0",
      "resolved": "https://registry.npmjs.org/validate.io-nonnegative/-/validate.io-nonnegative-1.0.0.tgz",
      "integrity": "sha1-AhmWvF3fXZf3xA3/S0M1pJ6EIMs=",
      "requires": {
        "validate.io-number": "1.0.3"
      }
    },
    "validate.io-nonnegative-integer": {
      "version": "1.0.0",
      "resolved": "https://registry.npmjs.org/validate.io-nonnegative-integer/-/validate.io-nonnegative-integer-1.0.0.tgz",
      "integrity": "sha1-gGkkOgjF+Y6VQTySnf17GPP28p8=",
      "requires": {
        "validate.io-integer": "1.0.5"
      }
    },
    "validate.io-nonnegative-integer-array": {
      "version": "1.0.1",
      "resolved": "https://registry.npmjs.org/validate.io-nonnegative-integer-array/-/validate.io-nonnegative-integer-array-1.0.1.tgz",
      "integrity": "sha1-ZjMKZl9VmLlvJfaQgfgfYy6k208=",
      "requires": {
        "validate.io-array": "1.0.6",
        "validate.io-nonnegative-integer": "1.0.0"
      }
    },
    "validate.io-number": {
      "version": "1.0.3",
      "resolved": "https://registry.npmjs.org/validate.io-number/-/validate.io-number-1.0.3.tgz",
      "integrity": "sha1-9j/+2iSL8opnqNSODjtGGhZluvg="
    },
    "validate.io-number-primitive": {
      "version": "1.0.0",
      "resolved": "https://registry.npmjs.org/validate.io-number-primitive/-/validate.io-number-primitive-1.0.0.tgz",
      "integrity": "sha1-0uAfICmJNp3PEVVElWQgOv5YTlU="
    },
    "validate.io-object": {
      "version": "1.0.4",
      "resolved": "https://registry.npmjs.org/validate.io-object/-/validate.io-object-1.0.4.tgz",
      "integrity": "sha1-3KAezu45DhENvCr4Q8gfe/M6Qas=",
      "requires": {
        "validate.io-array": "1.0.6"
      }
    },
    "validate.io-positive-primitive": {
      "version": "1.0.0",
      "resolved": "https://registry.npmjs.org/validate.io-positive-primitive/-/validate.io-positive-primitive-1.0.0.tgz",
      "integrity": "sha1-vGEkQWseoX7b8DWhdmnQCxhYd8A=",
      "requires": {
        "validate.io-number-primitive": "1.0.0"
      }
    },
    "validate.io-string-primitive": {
      "version": "1.0.1",
      "resolved": "https://registry.npmjs.org/validate.io-string-primitive/-/validate.io-string-primitive-1.0.1.tgz",
      "integrity": "sha1-uBNbn7E3K94C/dU60dDM1t55j+4="
    },
    "validate.io-typed-array-like": {
      "version": "1.0.1",
      "resolved": "https://registry.npmjs.org/validate.io-typed-array-like/-/validate.io-typed-array-like-1.0.1.tgz",
      "integrity": "sha1-vJ0I7R2b+nvZ7FRMbuNzWnht9wo=",
      "requires": {
        "const-max-uint32": "1.0.2",
        "validate.io-integer-primitive": "1.0.0"
      }
    }
  }
}
